// !$*UTF8*$!
{
	archiveVersion = 1;
	classes = {
	};
	objectVersion = 56;
	objects = {

/* Begin PBXBuildFile section */
		5E9530B129A93A9400513691 /* sample_ciApp.swift in Sources */ = {isa = PBXBuildFile; fileRef = 5E9530B029A93A9400513691 /* sample_ciApp.swift */; };
		5E9530B329A93A9400513691 /* ContentView.swift in Sources */ = {isa = PBXBuildFile; fileRef = 5E9530B229A93A9400513691 /* ContentView.swift */; };
		5E9530B529A93A9700513691 /* Assets.xcassets in Resources */ = {isa = PBXBuildFile; fileRef = 5E9530B429A93A9700513691 /* Assets.xcassets */; };
		5E9530B929A93A9700513691 /* Preview Assets.xcassets in Resources */ = {isa = PBXBuildFile; fileRef = 5E9530B829A93A9700513691 /* Preview Assets.xcassets */; };
		5E9530C329A93A9700513691 /* sample_ciTests.swift in Sources */ = {isa = PBXBuildFile; fileRef = 5E9530C229A93A9700513691 /* sample_ciTests.swift */; };
		5ED15C592A043CA100A04E24 /* GoogleService-Info.plist in Resources */ = {isa = PBXBuildFile; fileRef = 5ED15C582A043CA100A04E24 /* GoogleService-Info.plist */; };
		5ED15C672A0446BF00A04E24 /* PerformanceScreen.swift in Sources */ = {isa = PBXBuildFile; fileRef = 5ED15C662A0446BF00A04E24 /* PerformanceScreen.swift */; };
		5ED15C6A2A05669C00A04E24 /* FirebaseAnalytics in Frameworks */ = {isa = PBXBuildFile; productRef = 5ED15C692A05669C00A04E24 /* FirebaseAnalytics */; };
		5ED15C6C2A05669C00A04E24 /* FirebaseAnalyticsWithoutAdIdSupport in Frameworks */ = {isa = PBXBuildFile; productRef = 5ED15C6B2A05669C00A04E24 /* FirebaseAnalyticsWithoutAdIdSupport */; };
		5ED15C6E2A05669C00A04E24 /* FirebaseCrashlytics in Frameworks */ = {isa = PBXBuildFile; productRef = 5ED15C6D2A05669C00A04E24 /* FirebaseCrashlytics */; };
		5EF3605729E42B0400475967 /* SecondScreen.swift in Sources */ = {isa = PBXBuildFile; fileRef = 5EF3605629E42B0400475967 /* SecondScreen.swift */; };
		5EF3605F29E42CE000475967 /* sample_ci_UITests.swift in Sources */ = {isa = PBXBuildFile; fileRef = 5EF3605E29E42CE000475967 /* sample_ci_UITests.swift */; };
		5EF3606129E42CE000475967 /* sample_ci_UITestsLaunchTests.swift in Sources */ = {isa = PBXBuildFile; fileRef = 5EF3606029E42CE000475967 /* sample_ci_UITestsLaunchTests.swift */; };
		5EF3606829E42F0800475967 /* SnapshotHelper.swift in Sources */ = {isa = PBXBuildFile; fileRef = 5EF3606729E42F0800475967 /* SnapshotHelper.swift */; };
/* End PBXBuildFile section */

/* Begin PBXContainerItemProxy section */
		5E9530BF29A93A9700513691 /* PBXContainerItemProxy */ = {
			isa = PBXContainerItemProxy;
			containerPortal = 5E9530A529A93A9400513691 /* Project object */;
			proxyType = 1;
			remoteGlobalIDString = 5E9530AC29A93A9400513691;
			remoteInfo = sample_ci;
		};
		5EF3606229E42CE000475967 /* PBXContainerItemProxy */ = {
			isa = PBXContainerItemProxy;
			containerPortal = 5E9530A529A93A9400513691 /* Project object */;
			proxyType = 1;
			remoteGlobalIDString = 5E9530AC29A93A9400513691;
			remoteInfo = sample_ci;
		};
/* End PBXContainerItemProxy section */

/* Begin PBXFileReference section */
		5E9530AD29A93A9400513691 /* sample_ci.app */ = {isa = PBXFileReference; explicitFileType = wrapper.application; includeInIndex = 0; path = sample_ci.app; sourceTree = BUILT_PRODUCTS_DIR; };
		5E9530B029A93A9400513691 /* sample_ciApp.swift */ = {isa = PBXFileReference; lastKnownFileType = sourcecode.swift; path = sample_ciApp.swift; sourceTree = "<group>"; };
		5E9530B229A93A9400513691 /* ContentView.swift */ = {isa = PBXFileReference; lastKnownFileType = sourcecode.swift; path = ContentView.swift; sourceTree = "<group>"; };
		5E9530B429A93A9700513691 /* Assets.xcassets */ = {isa = PBXFileReference; lastKnownFileType = folder.assetcatalog; path = Assets.xcassets; sourceTree = "<group>"; };
		5E9530B629A93A9700513691 /* sample_ci.entitlements */ = {isa = PBXFileReference; lastKnownFileType = text.plist.entitlements; path = sample_ci.entitlements; sourceTree = "<group>"; };
		5E9530B829A93A9700513691 /* Preview Assets.xcassets */ = {isa = PBXFileReference; lastKnownFileType = folder.assetcatalog; path = "Preview Assets.xcassets"; sourceTree = "<group>"; };
		5E9530BE29A93A9700513691 /* sample_ciTests.xctest */ = {isa = PBXFileReference; explicitFileType = wrapper.cfbundle; includeInIndex = 0; path = sample_ciTests.xctest; sourceTree = BUILT_PRODUCTS_DIR; };
		5E9530C229A93A9700513691 /* sample_ciTests.swift */ = {isa = PBXFileReference; lastKnownFileType = sourcecode.swift; path = sample_ciTests.swift; sourceTree = "<group>"; };
		5ED15C582A043CA100A04E24 /* GoogleService-Info.plist */ = {isa = PBXFileReference; fileEncoding = 4; lastKnownFileType = text.plist.xml; path = "GoogleService-Info.plist"; sourceTree = "<group>"; };
		5ED15C662A0446BF00A04E24 /* PerformanceScreen.swift */ = {isa = PBXFileReference; lastKnownFileType = sourcecode.swift; path = PerformanceScreen.swift; sourceTree = "<group>"; };
		5EF3605629E42B0400475967 /* SecondScreen.swift */ = {isa = PBXFileReference; lastKnownFileType = sourcecode.swift; path = SecondScreen.swift; sourceTree = "<group>"; };
		5EF3605C29E42CE000475967 /* sample_ci_UITests.xctest */ = {isa = PBXFileReference; explicitFileType = wrapper.cfbundle; includeInIndex = 0; path = sample_ci_UITests.xctest; sourceTree = BUILT_PRODUCTS_DIR; };
		5EF3605E29E42CE000475967 /* sample_ci_UITests.swift */ = {isa = PBXFileReference; lastKnownFileType = sourcecode.swift; path = sample_ci_UITests.swift; sourceTree = "<group>"; };
		5EF3606029E42CE000475967 /* sample_ci_UITestsLaunchTests.swift */ = {isa = PBXFileReference; lastKnownFileType = sourcecode.swift; path = sample_ci_UITestsLaunchTests.swift; sourceTree = "<group>"; };
		5EF3606729E42F0800475967 /* SnapshotHelper.swift */ = {isa = PBXFileReference; fileEncoding = 4; lastKnownFileType = sourcecode.swift; name = SnapshotHelper.swift; path = Fastlane/SnapshotHelper.swift; sourceTree = SOURCE_ROOT; };
/* End PBXFileReference section */

/* Begin PBXFrameworksBuildPhase section */
		5E9530AA29A93A9400513691 /* Frameworks */ = {
			isa = PBXFrameworksBuildPhase;
			buildActionMask = 2147483647;
			files = (
				5ED15C6E2A05669C00A04E24 /* FirebaseCrashlytics in Frameworks */,
				5ED15C6A2A05669C00A04E24 /* FirebaseAnalytics in Frameworks */,
				5ED15C6C2A05669C00A04E24 /* FirebaseAnalyticsWithoutAdIdSupport in Frameworks */,
			);
			runOnlyForDeploymentPostprocessing = 0;
		};
		5E9530BB29A93A9700513691 /* Frameworks */ = {
			isa = PBXFrameworksBuildPhase;
			buildActionMask = 2147483647;
			files = (
			);
			runOnlyForDeploymentPostprocessing = 0;
		};
		5EF3605929E42CE000475967 /* Frameworks */ = {
			isa = PBXFrameworksBuildPhase;
			buildActionMask = 2147483647;
			files = (
			);
			runOnlyForDeploymentPostprocessing = 0;
		};
/* End PBXFrameworksBuildPhase section */

/* Begin PBXGroup section */
		5E9530A429A93A9400513691 = {
			isa = PBXGroup;
			children = (
				5E9530AF29A93A9400513691 /* sample_ci */,
				5E9530C129A93A9700513691 /* sample_ciTests */,
				5EF3605D29E42CE000475967 /* sample_ci_UITests */,
				5E9530AE29A93A9400513691 /* Products */,
			);
			sourceTree = "<group>";
		};
		5E9530AE29A93A9400513691 /* Products */ = {
			isa = PBXGroup;
			children = (
				5E9530AD29A93A9400513691 /* sample_ci.app */,
				5E9530BE29A93A9700513691 /* sample_ciTests.xctest */,
				5EF3605C29E42CE000475967 /* sample_ci_UITests.xctest */,
			);
			name = Products;
			sourceTree = "<group>";
		};
		5E9530AF29A93A9400513691 /* sample_ci */ = {
			isa = PBXGroup;
			children = (
				5ED15C582A043CA100A04E24 /* GoogleService-Info.plist */,
				5E9530B029A93A9400513691 /* sample_ciApp.swift */,
				5E9530B229A93A9400513691 /* ContentView.swift */,
				5EF3605629E42B0400475967 /* SecondScreen.swift */,
				5E9530B429A93A9700513691 /* Assets.xcassets */,
				5E9530B629A93A9700513691 /* sample_ci.entitlements */,
				5E9530B729A93A9700513691 /* Preview Content */,
				5ED15C662A0446BF00A04E24 /* PerformanceScreen.swift */,
			);
			path = sample_ci;
			sourceTree = "<group>";
		};
		5E9530B729A93A9700513691 /* Preview Content */ = {
			isa = PBXGroup;
			children = (
				5E9530B829A93A9700513691 /* Preview Assets.xcassets */,
			);
			path = "Preview Content";
			sourceTree = "<group>";
		};
		5E9530C129A93A9700513691 /* sample_ciTests */ = {
			isa = PBXGroup;
			children = (
				5E9530C229A93A9700513691 /* sample_ciTests.swift */,
			);
			path = sample_ciTests;
			sourceTree = "<group>";
		};
		5EF3605D29E42CE000475967 /* sample_ci_UITests */ = {
			isa = PBXGroup;
			children = (
				5EF3606729E42F0800475967 /* SnapshotHelper.swift */,
				5EF3605E29E42CE000475967 /* sample_ci_UITests.swift */,
				5EF3606029E42CE000475967 /* sample_ci_UITestsLaunchTests.swift */,
			);
			path = sample_ci_UITests;
			sourceTree = "<group>";
		};
/* End PBXGroup section */

/* Begin PBXNativeTarget section */
		5E9530AC29A93A9400513691 /* sample_ci */ = {
			isa = PBXNativeTarget;
			buildConfigurationList = 5E9530D229A93A9700513691 /* Build configuration list for PBXNativeTarget "sample_ci" */;
			buildPhases = (
				5E9530A929A93A9400513691 /* Sources */,
				5E9530AA29A93A9400513691 /* Frameworks */,
				5E9530AB29A93A9400513691 /* Resources */,
				5ED15C5A2A043E8D00A04E24 /* Crashlitycs Run Script */,
			);
			buildRules = (
			);
			dependencies = (
			);
			name = sample_ci;
			packageProductDependencies = (
				5ED15C692A05669C00A04E24 /* FirebaseAnalytics */,
				5ED15C6B2A05669C00A04E24 /* FirebaseAnalyticsWithoutAdIdSupport */,
				5ED15C6D2A05669C00A04E24 /* FirebaseCrashlytics */,
			);
			productName = sample_ci;
			productReference = 5E9530AD29A93A9400513691 /* sample_ci.app */;
			productType = "com.apple.product-type.application";
		};
		5E9530BD29A93A9700513691 /* sample_ciTests */ = {
			isa = PBXNativeTarget;
			buildConfigurationList = 5E9530D529A93A9700513691 /* Build configuration list for PBXNativeTarget "sample_ciTests" */;
			buildPhases = (
				5E9530BA29A93A9700513691 /* Sources */,
				5E9530BB29A93A9700513691 /* Frameworks */,
				5E9530BC29A93A9700513691 /* Resources */,
			);
			buildRules = (
			);
			dependencies = (
				5E9530C029A93A9700513691 /* PBXTargetDependency */,
			);
			name = sample_ciTests;
			productName = sample_ciTests;
			productReference = 5E9530BE29A93A9700513691 /* sample_ciTests.xctest */;
			productType = "com.apple.product-type.bundle.unit-test";
		};
		5EF3605B29E42CE000475967 /* sample_ci_UITests */ = {
			isa = PBXNativeTarget;
			buildConfigurationList = 5EF3606429E42CE000475967 /* Build configuration list for PBXNativeTarget "sample_ci_UITests" */;
			buildPhases = (
				5EF3605829E42CE000475967 /* Sources */,
				5EF3605929E42CE000475967 /* Frameworks */,
				5EF3605A29E42CE000475967 /* Resources */,
			);
			buildRules = (
			);
			dependencies = (
				5EF3606329E42CE000475967 /* PBXTargetDependency */,
			);
			name = sample_ci_UITests;
			productName = sample_ci_UITests;
			productReference = 5EF3605C29E42CE000475967 /* sample_ci_UITests.xctest */;
			productType = "com.apple.product-type.bundle.ui-testing";
		};
/* End PBXNativeTarget section */

/* Begin PBXProject section */
		5E9530A529A93A9400513691 /* Project object */ = {
			isa = PBXProject;
			attributes = {
				BuildIndependentTargetsInParallel = 1;
				LastSwiftUpdateCheck = 1430;
				LastUpgradeCheck = 1420;
				TargetAttributes = {
					5E9530AC29A93A9400513691 = {
						CreatedOnToolsVersion = 14.2;
					};
					5E9530BD29A93A9700513691 = {
						CreatedOnToolsVersion = 14.2;
						TestTargetID = 5E9530AC29A93A9400513691;
					};
					5EF3605B29E42CE000475967 = {
						CreatedOnToolsVersion = 14.3;
						TestTargetID = 5E9530AC29A93A9400513691;
					};
				};
			};
			buildConfigurationList = 5E9530A829A93A9400513691 /* Build configuration list for PBXProject "sample_ci" */;
			compatibilityVersion = "Xcode 14.0";
			developmentRegion = en;
			hasScannedForEncodings = 0;
			knownRegions = (
				en,
				Base,
			);
			mainGroup = 5E9530A429A93A9400513691;
			packageReferences = (
				5ED15C682A05669C00A04E24 /* XCRemoteSwiftPackageReference "firebase-ios-sdk" */,
			);
			productRefGroup = 5E9530AE29A93A9400513691 /* Products */;
			projectDirPath = "";
			projectRoot = "";
			targets = (
				5E9530AC29A93A9400513691 /* sample_ci */,
				5E9530BD29A93A9700513691 /* sample_ciTests */,
				5EF3605B29E42CE000475967 /* sample_ci_UITests */,
			);
		};
/* End PBXProject section */

/* Begin PBXResourcesBuildPhase section */
		5E9530AB29A93A9400513691 /* Resources */ = {
			isa = PBXResourcesBuildPhase;
			buildActionMask = 2147483647;
			files = (
				5E9530B929A93A9700513691 /* Preview Assets.xcassets in Resources */,
				5E9530B529A93A9700513691 /* Assets.xcassets in Resources */,
				5ED15C592A043CA100A04E24 /* GoogleService-Info.plist in Resources */,
			);
			runOnlyForDeploymentPostprocessing = 0;
		};
		5E9530BC29A93A9700513691 /* Resources */ = {
			isa = PBXResourcesBuildPhase;
			buildActionMask = 2147483647;
			files = (
			);
			runOnlyForDeploymentPostprocessing = 0;
		};
		5EF3605A29E42CE000475967 /* Resources */ = {
			isa = PBXResourcesBuildPhase;
			buildActionMask = 2147483647;
			files = (
			);
			runOnlyForDeploymentPostprocessing = 0;
		};
/* End PBXResourcesBuildPhase section */

/* Begin PBXShellScriptBuildPhase section */
		5ED15C5A2A043E8D00A04E24 /* Crashlitycs Run Script */ = {
			isa = PBXShellScriptBuildPhase;
			buildActionMask = 2147483647;
			files = (
			);
			inputFileListPaths = (
			);
			inputPaths = (
				"${DWARF_DSYM_FOLDER_PATH}/${DWARF_DSYM_FILE_NAME}/Contents/Resources/DWARF/${TARGET_NAME}",
				"$(SRCROOT)/$(BUILT_PRODUCTS_DIR)/$(INFOPLIST_PATH)",
			);
			name = "Crashlitycs Run Script";
			outputFileListPaths = (
			);
			outputPaths = (
			);
			runOnlyForDeploymentPostprocessing = 0;
			shellPath = /bin/sh;
			shellScript = "# Type a script or drag a script file from your workspace to insert its path.\n\"${BUILD_DIR%/Build/*}/SourcePackages/checkouts/firebase-ios-sdk/Crashlytics/run\"\n";
		};
/* End PBXShellScriptBuildPhase section */

/* Begin PBXSourcesBuildPhase section */
		5E9530A929A93A9400513691 /* Sources */ = {
			isa = PBXSourcesBuildPhase;
			buildActionMask = 2147483647;
			files = (
				5ED15C672A0446BF00A04E24 /* PerformanceScreen.swift in Sources */,
				5E9530B329A93A9400513691 /* ContentView.swift in Sources */,
				5E9530B129A93A9400513691 /* sample_ciApp.swift in Sources */,
				5EF3605729E42B0400475967 /* SecondScreen.swift in Sources */,
			);
			runOnlyForDeploymentPostprocessing = 0;
		};
		5E9530BA29A93A9700513691 /* Sources */ = {
			isa = PBXSourcesBuildPhase;
			buildActionMask = 2147483647;
			files = (
				5E9530C329A93A9700513691 /* sample_ciTests.swift in Sources */,
			);
			runOnlyForDeploymentPostprocessing = 0;
		};
		5EF3605829E42CE000475967 /* Sources */ = {
			isa = PBXSourcesBuildPhase;
			buildActionMask = 2147483647;
			files = (
				5EF3606129E42CE000475967 /* sample_ci_UITestsLaunchTests.swift in Sources */,
				5EF3605F29E42CE000475967 /* sample_ci_UITests.swift in Sources */,
				5EF3606829E42F0800475967 /* SnapshotHelper.swift in Sources */,
			);
			runOnlyForDeploymentPostprocessing = 0;
		};
/* End PBXSourcesBuildPhase section */

/* Begin PBXTargetDependency section */
		5E9530C029A93A9700513691 /* PBXTargetDependency */ = {
			isa = PBXTargetDependency;
			target = 5E9530AC29A93A9400513691 /* sample_ci */;
			targetProxy = 5E9530BF29A93A9700513691 /* PBXContainerItemProxy */;
		};
		5EF3606329E42CE000475967 /* PBXTargetDependency */ = {
			isa = PBXTargetDependency;
			target = 5E9530AC29A93A9400513691 /* sample_ci */;
			targetProxy = 5EF3606229E42CE000475967 /* PBXContainerItemProxy */;
		};
/* End PBXTargetDependency section */

/* Begin XCBuildConfiguration section */
		5E9530D029A93A9700513691 /* Debug */ = {
			isa = XCBuildConfiguration;
			buildSettings = {
				ALWAYS_SEARCH_USER_PATHS = NO;
				CLANG_ANALYZER_NONNULL = YES;
				CLANG_ANALYZER_NUMBER_OBJECT_CONVERSION = YES_AGGRESSIVE;
				CLANG_CXX_LANGUAGE_STANDARD = "gnu++20";
				CLANG_ENABLE_MODULES = YES;
				CLANG_ENABLE_OBJC_ARC = YES;
				CLANG_ENABLE_OBJC_WEAK = YES;
				CLANG_WARN_BLOCK_CAPTURE_AUTORELEASING = YES;
				CLANG_WARN_BOOL_CONVERSION = YES;
				CLANG_WARN_COMMA = YES;
				CLANG_WARN_CONSTANT_CONVERSION = YES;
				CLANG_WARN_DEPRECATED_OBJC_IMPLEMENTATIONS = YES;
				CLANG_WARN_DIRECT_OBJC_ISA_USAGE = YES_ERROR;
				CLANG_WARN_DOCUMENTATION_COMMENTS = YES;
				CLANG_WARN_EMPTY_BODY = YES;
				CLANG_WARN_ENUM_CONVERSION = YES;
				CLANG_WARN_INFINITE_RECURSION = YES;
				CLANG_WARN_INT_CONVERSION = YES;
				CLANG_WARN_NON_LITERAL_NULL_CONVERSION = YES;
				CLANG_WARN_OBJC_IMPLICIT_RETAIN_SELF = YES;
				CLANG_WARN_OBJC_LITERAL_CONVERSION = YES;
				CLANG_WARN_OBJC_ROOT_CLASS = YES_ERROR;
				CLANG_WARN_QUOTED_INCLUDE_IN_FRAMEWORK_HEADER = YES;
				CLANG_WARN_RANGE_LOOP_ANALYSIS = YES;
				CLANG_WARN_STRICT_PROTOTYPES = YES;
				CLANG_WARN_SUSPICIOUS_MOVE = YES;
				CLANG_WARN_UNGUARDED_AVAILABILITY = YES_AGGRESSIVE;
				CLANG_WARN_UNREACHABLE_CODE = YES;
				CLANG_WARN__DUPLICATE_METHOD_MATCH = YES;
				COPY_PHASE_STRIP = NO;
				DEBUG_INFORMATION_FORMAT = dwarf;
				ENABLE_STRICT_OBJC_MSGSEND = YES;
				ENABLE_TESTABILITY = YES;
				GCC_C_LANGUAGE_STANDARD = gnu11;
				GCC_DYNAMIC_NO_PIC = NO;
				GCC_NO_COMMON_BLOCKS = YES;
				GCC_OPTIMIZATION_LEVEL = 0;
				GCC_PREPROCESSOR_DEFINITIONS = (
					"DEBUG=1",
					"$(inherited)",
				);
				GCC_WARN_64_TO_32_BIT_CONVERSION = YES;
				GCC_WARN_ABOUT_RETURN_TYPE = YES_ERROR;
				GCC_WARN_UNDECLARED_SELECTOR = YES;
				GCC_WARN_UNINITIALIZED_AUTOS = YES_AGGRESSIVE;
				GCC_WARN_UNUSED_FUNCTION = YES;
				GCC_WARN_UNUSED_VARIABLE = YES;
				MTL_ENABLE_DEBUG_INFO = INCLUDE_SOURCE;
				MTL_FAST_MATH = YES;
				ONLY_ACTIVE_ARCH = YES;
				SWIFT_ACTIVE_COMPILATION_CONDITIONS = DEBUG;
				SWIFT_OPTIMIZATION_LEVEL = "-Onone";
			};
			name = Debug;
		};
		5E9530D129A93A9700513691 /* Release */ = {
			isa = XCBuildConfiguration;
			buildSettings = {
				ALWAYS_SEARCH_USER_PATHS = NO;
				CLANG_ANALYZER_NONNULL = YES;
				CLANG_ANALYZER_NUMBER_OBJECT_CONVERSION = YES_AGGRESSIVE;
				CLANG_CXX_LANGUAGE_STANDARD = "gnu++20";
				CLANG_ENABLE_MODULES = YES;
				CLANG_ENABLE_OBJC_ARC = YES;
				CLANG_ENABLE_OBJC_WEAK = YES;
				CLANG_WARN_BLOCK_CAPTURE_AUTORELEASING = YES;
				CLANG_WARN_BOOL_CONVERSION = YES;
				CLANG_WARN_COMMA = YES;
				CLANG_WARN_CONSTANT_CONVERSION = YES;
				CLANG_WARN_DEPRECATED_OBJC_IMPLEMENTATIONS = YES;
				CLANG_WARN_DIRECT_OBJC_ISA_USAGE = YES_ERROR;
				CLANG_WARN_DOCUMENTATION_COMMENTS = YES;
				CLANG_WARN_EMPTY_BODY = YES;
				CLANG_WARN_ENUM_CONVERSION = YES;
				CLANG_WARN_INFINITE_RECURSION = YES;
				CLANG_WARN_INT_CONVERSION = YES;
				CLANG_WARN_NON_LITERAL_NULL_CONVERSION = YES;
				CLANG_WARN_OBJC_IMPLICIT_RETAIN_SELF = YES;
				CLANG_WARN_OBJC_LITERAL_CONVERSION = YES;
				CLANG_WARN_OBJC_ROOT_CLASS = YES_ERROR;
				CLANG_WARN_QUOTED_INCLUDE_IN_FRAMEWORK_HEADER = YES;
				CLANG_WARN_RANGE_LOOP_ANALYSIS = YES;
				CLANG_WARN_STRICT_PROTOTYPES = YES;
				CLANG_WARN_SUSPICIOUS_MOVE = YES;
				CLANG_WARN_UNGUARDED_AVAILABILITY = YES_AGGRESSIVE;
				CLANG_WARN_UNREACHABLE_CODE = YES;
				CLANG_WARN__DUPLICATE_METHOD_MATCH = YES;
				COPY_PHASE_STRIP = NO;
				DEBUG_INFORMATION_FORMAT = "dwarf-with-dsym";
				ENABLE_NS_ASSERTIONS = NO;
				ENABLE_STRICT_OBJC_MSGSEND = YES;
				GCC_C_LANGUAGE_STANDARD = gnu11;
				GCC_NO_COMMON_BLOCKS = YES;
				GCC_WARN_64_TO_32_BIT_CONVERSION = YES;
				GCC_WARN_ABOUT_RETURN_TYPE = YES_ERROR;
				GCC_WARN_UNDECLARED_SELECTOR = YES;
				GCC_WARN_UNINITIALIZED_AUTOS = YES_AGGRESSIVE;
				GCC_WARN_UNUSED_FUNCTION = YES;
				GCC_WARN_UNUSED_VARIABLE = YES;
				MTL_ENABLE_DEBUG_INFO = NO;
				MTL_FAST_MATH = YES;
				SWIFT_COMPILATION_MODE = wholemodule;
				SWIFT_OPTIMIZATION_LEVEL = "-O";
			};
			name = Release;
		};
		5E9530D329A93A9700513691 /* Debug */ = {
			isa = XCBuildConfiguration;
			buildSettings = {
				ASSETCATALOG_COMPILER_APPICON_NAME = AppIcon;
				ASSETCATALOG_COMPILER_GLOBAL_ACCENT_COLOR_NAME = AccentColor;
				CODE_SIGN_ENTITLEMENTS = sample_ci/sample_ci.entitlements;
				CODE_SIGN_STYLE = Automatic;
				CURRENT_PROJECT_VERSION = 1;
				DEBUG_INFORMATION_FORMAT = "dwarf-with-dsym";
				DEVELOPMENT_ASSET_PATHS = "\"sample_ci/Preview Content\"";
				DEVELOPMENT_TEAM = NGF7GRDYF6;
				ENABLE_HARDENED_RUNTIME = YES;
				ENABLE_PREVIEWS = YES;
				GENERATE_INFOPLIST_FILE = YES;
				"INFOPLIST_KEY_UIApplicationSceneManifest_Generation[sdk=iphoneos*]" = YES;
				"INFOPLIST_KEY_UIApplicationSceneManifest_Generation[sdk=iphonesimulator*]" = YES;
				"INFOPLIST_KEY_UIApplicationSupportsIndirectInputEvents[sdk=iphoneos*]" = YES;
				"INFOPLIST_KEY_UIApplicationSupportsIndirectInputEvents[sdk=iphonesimulator*]" = YES;
				"INFOPLIST_KEY_UILaunchScreen_Generation[sdk=iphoneos*]" = YES;
				"INFOPLIST_KEY_UILaunchScreen_Generation[sdk=iphonesimulator*]" = YES;
				"INFOPLIST_KEY_UIStatusBarStyle[sdk=iphoneos*]" = UIStatusBarStyleDefault;
				"INFOPLIST_KEY_UIStatusBarStyle[sdk=iphonesimulator*]" = UIStatusBarStyleDefault;
				INFOPLIST_KEY_UISupportedInterfaceOrientations_iPad = "UIInterfaceOrientationPortrait UIInterfaceOrientationPortraitUpsideDown UIInterfaceOrientationLandscapeLeft UIInterfaceOrientationLandscapeRight";
				INFOPLIST_KEY_UISupportedInterfaceOrientations_iPhone = "UIInterfaceOrientationPortrait UIInterfaceOrientationLandscapeLeft UIInterfaceOrientationLandscapeRight";
				IPHONEOS_DEPLOYMENT_TARGET = 15.0;
				LD_RUNPATH_SEARCH_PATHS = "@executable_path/Frameworks";
				"LD_RUNPATH_SEARCH_PATHS[sdk=macosx*]" = "@executable_path/../Frameworks";
				MACOSX_DEPLOYMENT_TARGET = 13.0;
				MARKETING_VERSION = 1.0;
				OTHER_LDFLAGS = "-ObjC";
				PRODUCT_BUNDLE_IDENTIFIER = "sncf.sample-ci";
				PRODUCT_NAME = "$(TARGET_NAME)";
				SDKROOT = auto;
				SUPPORTED_PLATFORMS = "iphoneos iphonesimulator macosx";
				SWIFT_EMIT_LOC_STRINGS = YES;
				SWIFT_VERSION = 5.0;
				TARGETED_DEVICE_FAMILY = "1,2";
			};
			name = Debug;
		};
		5E9530D429A93A9700513691 /* Release */ = {
			isa = XCBuildConfiguration;
			buildSettings = {
				ASSETCATALOG_COMPILER_APPICON_NAME = AppIcon;
				ASSETCATALOG_COMPILER_GLOBAL_ACCENT_COLOR_NAME = AccentColor;
				CODE_SIGN_ENTITLEMENTS = sample_ci/sample_ci.entitlements;
				CODE_SIGN_STYLE = Automatic;
				CURRENT_PROJECT_VERSION = 1;
				DEVELOPMENT_ASSET_PATHS = "\"sample_ci/Preview Content\"";
				DEVELOPMENT_TEAM = NGF7GRDYF6;
				ENABLE_HARDENED_RUNTIME = YES;
				ENABLE_PREVIEWS = YES;
				GENERATE_INFOPLIST_FILE = YES;
				"INFOPLIST_KEY_UIApplicationSceneManifest_Generation[sdk=iphoneos*]" = YES;
				"INFOPLIST_KEY_UIApplicationSceneManifest_Generation[sdk=iphonesimulator*]" = YES;
				"INFOPLIST_KEY_UIApplicationSupportsIndirectInputEvents[sdk=iphoneos*]" = YES;
				"INFOPLIST_KEY_UIApplicationSupportsIndirectInputEvents[sdk=iphonesimulator*]" = YES;
				"INFOPLIST_KEY_UILaunchScreen_Generation[sdk=iphoneos*]" = YES;
				"INFOPLIST_KEY_UILaunchScreen_Generation[sdk=iphonesimulator*]" = YES;
				"INFOPLIST_KEY_UIStatusBarStyle[sdk=iphoneos*]" = UIStatusBarStyleDefault;
				"INFOPLIST_KEY_UIStatusBarStyle[sdk=iphonesimulator*]" = UIStatusBarStyleDefault;
				INFOPLIST_KEY_UISupportedInterfaceOrientations_iPad = "UIInterfaceOrientationPortrait UIInterfaceOrientationPortraitUpsideDown UIInterfaceOrientationLandscapeLeft UIInterfaceOrientationLandscapeRight";
				INFOPLIST_KEY_UISupportedInterfaceOrientations_iPhone = "UIInterfaceOrientationPortrait UIInterfaceOrientationLandscapeLeft UIInterfaceOrientationLandscapeRight";
				IPHONEOS_DEPLOYMENT_TARGET = 15.0;
				LD_RUNPATH_SEARCH_PATHS = "@executable_path/Frameworks";
				"LD_RUNPATH_SEARCH_PATHS[sdk=macosx*]" = "@executable_path/../Frameworks";
				MACOSX_DEPLOYMENT_TARGET = 13.0;
				MARKETING_VERSION = 1.0;
				OTHER_LDFLAGS = "-ObjC";
				PRODUCT_BUNDLE_IDENTIFIER = "sncf.sample-ci";
				PRODUCT_NAME = "$(TARGET_NAME)";
				SDKROOT = auto;
				SUPPORTED_PLATFORMS = "iphoneos iphonesimulator macosx";
				SWIFT_EMIT_LOC_STRINGS = YES;
				SWIFT_VERSION = 5.0;
				TARGETED_DEVICE_FAMILY = "1,2";
			};
			name = Release;
		};
		5E9530D629A93A9700513691 /* Debug */ = {
			isa = XCBuildConfiguration;
			buildSettings = {
				ALWAYS_EMBED_SWIFT_STANDARD_LIBRARIES = YES;
				BUNDLE_LOADER = "$(TEST_HOST)";
				CODE_SIGN_STYLE = Automatic;
				CURRENT_PROJECT_VERSION = 1;
				DEVELOPMENT_TEAM = F44XX46HVP;
				GENERATE_INFOPLIST_FILE = YES;
				IPHONEOS_DEPLOYMENT_TARGET = 15.0;
				MACOSX_DEPLOYMENT_TARGET = 13.0;
				MARKETING_VERSION = 1.0;
				PRODUCT_BUNDLE_IDENTIFIER = "sncf.sample-ciTests";
				PRODUCT_NAME = "$(TARGET_NAME)";
				SDKROOT = auto;
				SUPPORTED_PLATFORMS = "iphoneos iphonesimulator macosx";
				SWIFT_EMIT_LOC_STRINGS = NO;
				SWIFT_VERSION = 5.0;
				TARGETED_DEVICE_FAMILY = "1,2";
				TEST_HOST = "$(BUILT_PRODUCTS_DIR)/sample_ci.app/$(BUNDLE_EXECUTABLE_FOLDER_PATH)/sample_ci";
			};
			name = Debug;
		};
		5E9530D729A93A9700513691 /* Release */ = {
			isa = XCBuildConfiguration;
			buildSettings = {
				ALWAYS_EMBED_SWIFT_STANDARD_LIBRARIES = YES;
				BUNDLE_LOADER = "$(TEST_HOST)";
				CODE_SIGN_STYLE = Automatic;
				CURRENT_PROJECT_VERSION = 1;
				DEVELOPMENT_TEAM = F44XX46HVP;
				GENERATE_INFOPLIST_FILE = YES;
				IPHONEOS_DEPLOYMENT_TARGET = 15.0;
				MACOSX_DEPLOYMENT_TARGET = 13.0;
				MARKETING_VERSION = 1.0;
				PRODUCT_BUNDLE_IDENTIFIER = "sncf.sample-ciTests";
				PRODUCT_NAME = "$(TARGET_NAME)";
				SDKROOT = auto;
				SUPPORTED_PLATFORMS = "iphoneos iphonesimulator macosx";
				SWIFT_EMIT_LOC_STRINGS = NO;
				SWIFT_VERSION = 5.0;
				TARGETED_DEVICE_FAMILY = "1,2";
				TEST_HOST = "$(BUILT_PRODUCTS_DIR)/sample_ci.app/$(BUNDLE_EXECUTABLE_FOLDER_PATH)/sample_ci";
			};
			name = Release;
		};
		5EF3606529E42CE000475967 /* Debug */ = {
			isa = XCBuildConfiguration;
			buildSettings = {
				CODE_SIGN_STYLE = Automatic;
				CURRENT_PROJECT_VERSION = 1;
				DEVELOPMENT_TEAM = F44XX46HVP;
				GENERATE_INFOPLIST_FILE = YES;
				IPHONEOS_DEPLOYMENT_TARGET = 15.0;
				MARKETING_VERSION = 1.0;
				PRODUCT_BUNDLE_IDENTIFIER = "sncf.sample-ci-UITests";
				PRODUCT_NAME = "$(TARGET_NAME)";
				SDKROOT = iphoneos;
				SUPPORTED_PLATFORMS = "iphoneos iphonesimulator";
				SUPPORTS_MACCATALYST = NO;
				SUPPORTS_MAC_DESIGNED_FOR_IPHONE_IPAD = NO;
				SWIFT_EMIT_LOC_STRINGS = NO;
				SWIFT_VERSION = 5.0;
				TARGETED_DEVICE_FAMILY = 1;
				TEST_TARGET_NAME = sample_ci;
			};
			name = Debug;
		};
		5EF3606629E42CE000475967 /* Release */ = {
			isa = XCBuildConfiguration;
			buildSettings = {
				CODE_SIGN_STYLE = Automatic;
				CURRENT_PROJECT_VERSION = 1;
				DEVELOPMENT_TEAM = F44XX46HVP;
				GENERATE_INFOPLIST_FILE = YES;
				IPHONEOS_DEPLOYMENT_TARGET = 15.0;
				MARKETING_VERSION = 1.0;
				PRODUCT_BUNDLE_IDENTIFIER = "sncf.sample-ci-UITests";
				PRODUCT_NAME = "$(TARGET_NAME)";
				SDKROOT = iphoneos;
				SUPPORTED_PLATFORMS = "iphoneos iphonesimulator";
				SUPPORTS_MACCATALYST = NO;
				SUPPORTS_MAC_DESIGNED_FOR_IPHONE_IPAD = NO;
				SWIFT_EMIT_LOC_STRINGS = NO;
				SWIFT_VERSION = 5.0;
				TARGETED_DEVICE_FAMILY = 1;
				TEST_TARGET_NAME = sample_ci;
				VALIDATE_PRODUCT = YES;
			};
			name = Release;
		};
/* End XCBuildConfiguration section */

/* Begin XCConfigurationList section */
		5E9530A829A93A9400513691 /* Build configuration list for PBXProject "sample_ci" */ = {
			isa = XCConfigurationList;
			buildConfigurations = (
				5E9530D029A93A9700513691 /* Debug */,
				5E9530D129A93A9700513691 /* Release */,
			);
			defaultConfigurationIsVisible = 0;
			defaultConfigurationName = Release;
		};
		5E9530D229A93A9700513691 /* Build configuration list for PBXNativeTarget "sample_ci" */ = {
			isa = XCConfigurationList;
			buildConfigurations = (
				5E9530D329A93A9700513691 /* Debug */,
				5E9530D429A93A9700513691 /* Release */,
			);
			defaultConfigurationIsVisible = 0;
			defaultConfigurationName = Release;
		};
		5E9530D529A93A9700513691 /* Build configuration list for PBXNativeTarget "sample_ciTests" */ = {
			isa = XCConfigurationList;
			buildConfigurations = (
				5E9530D629A93A9700513691 /* Debug */,
				5E9530D729A93A9700513691 /* Release */,
			);
			defaultConfigurationIsVisible = 0;
			defaultConfigurationName = Release;
		};
		5EF3606429E42CE000475967 /* Build configuration list for PBXNativeTarget "sample_ci_UITests" */ = {
			isa = XCConfigurationList;
			buildConfigurations = (
				5EF3606529E42CE000475967 /* Debug */,
				5EF3606629E42CE000475967 /* Release */,
			);
			defaultConfigurationIsVisible = 0;
			defaultConfigurationName = Release;
		};
/* End XCConfigurationList section */

/* Begin XCRemoteSwiftPackageReference section */
		5ED15C682A05669C00A04E24 /* XCRemoteSwiftPackageReference "firebase-ios-sdk" */ = {
			isa = XCRemoteSwiftPackageReference;
			repositoryURL = "https://github.com/firebase/firebase-ios-sdk";
			requirement = {
				branch = master;
				kind = branch;
			};
		};
/* End XCRemoteSwiftPackageReference section */

/* Begin XCSwiftPackageProductDependency section */
		5ED15C692A05669C00A04E24 /* FirebaseAnalytics */ = {
			isa = XCSwiftPackageProductDependency;
			package = 5ED15C682A05669C00A04E24 /* XCRemoteSwiftPackageReference "firebase-ios-sdk" */;
			productName = FirebaseAnalytics;
		};
		5ED15C6B2A05669C00A04E24 /* FirebaseAnalyticsWithoutAdIdSupport */ = {
			isa = XCSwiftPackageProductDependency;
			package = 5ED15C682A05669C00A04E24 /* XCRemoteSwiftPackageReference "firebase-ios-sdk" */;
			productName = FirebaseAnalyticsWithoutAdIdSupport;
		};
		5ED15C6D2A05669C00A04E24 /* FirebaseCrashlytics */ = {
			isa = XCSwiftPackageProductDependency;
			package = 5ED15C682A05669C00A04E24 /* XCRemoteSwiftPackageReference "firebase-ios-sdk" */;
			productName = FirebaseCrashlytics;
		};
/* End XCSwiftPackageProductDependency section */
	};
	rootObject = 5E9530A529A93A9400513691 /* Project object */;
}
